
Microsoft Visual Studio Solution File, Format Version 12.00
# Visual Studio Version 16
VisualStudioVersion = 16.0.29613.14
MinimumVisualStudioVersion = 10.0.40219.1
Project("{FAE04EC0-301F-11D3-BF4B-00C04F79EFBC}") = "QuanLyBanXe", "QuanLyBanXe\QuanLyBanXe.csproj", "{22270197-CC44-447C-8D8B-EED9C2DE12E9}"
EndProject
Global
	GlobalSection(SolutionConfigurationPlatforms) = preSolution
		Debug|Any CPU = Debug|Any CPU
		Release|Any CPU = Release|Any CPU
	EndGlobalSection
	GlobalSection(ProjectConfigurationPlatforms) = postSolution
		{22270197-CC44-447C-8D8B-EED9C2DE12E9}.Debug|Any CPU.ActiveCfg = Debug|Any CPU
		{22270197-CC44-447C-8D8B-EED9C2DE12E9}.Debug|Any CPU.Build.0 = Debug|Any CPU
		{22270197-CC44-447C-8D8B-EED9C2DE12E9}.Release|Any CPU.ActiveCfg = Release|Any CPU
		{22270197-CC44-447C-8D8B-EED9C2DE12E9}.Release|Any CPU.Build.0 = Release|Any CPU
	EndGlobalSection
	GlobalSection(SolutionProperties) = preSolution
		HideSolutionNode = FALSE
	EndGlobalSection
	GlobalSection(ExtensibilityGlobals) = postSolution
		SolutionGuid = {2735AF22-EC94-4B83-B50D-462A2DB1E498}
	EndGlobalSection
EndGlobal
