
Microsoft Visual Studio Solution File, Format Version 12.00
# Visual Studio 15
VisualStudioVersion = 15.0.26228.9
MinimumVisualStudioVersion = 10.0.40219.1
Project("{FAE04EC0-301F-11D3-BF4B-00C04F79EFBC}") = "TongChuoi", "TongChuoi\TongChuoi.csproj", "{E9FD2A1B-EB9D-4B28-B4AE-4484BFA75D00}"
EndProject
Project("{FAE04EC0-301F-11D3-BF4B-00C04F79EFBC}") = "PTB2", "PTB2\PTB2.csproj", "{75EE6E46-32CF-4200-AAB9-F3077827F37A}"
EndProject
Project("{FAE04EC0-301F-11D3-BF4B-00C04F79EFBC}") = "TamGiac", "TamGiac\TamGiac.csproj", "{347950BF-8125-42EE-89AF-967FEDEA63C0}"
EndProject
Global
	GlobalSection(SolutionConfigurationPlatforms) = preSolution
		Debug|Any CPU = Debug|Any CPU
		Release|Any CPU = Release|Any CPU
	EndGlobalSection
	GlobalSection(ProjectConfigurationPlatforms) = postSolution
		{E9FD2A1B-EB9D-4B28-B4AE-4484BFA75D00}.Debug|Any CPU.ActiveCfg = Debug|Any CPU
		{E9FD2A1B-EB9D-4B28-B4AE-4484BFA75D00}.Debug|Any CPU.Build.0 = Debug|Any CPU
		{E9FD2A1B-EB9D-4B28-B4AE-4484BFA75D00}.Release|Any CPU.ActiveCfg = Release|Any CPU
		{E9FD2A1B-EB9D-4B28-B4AE-4484BFA75D00}.Release|Any CPU.Build.0 = Release|Any CPU
		{75EE6E46-32CF-4200-AAB9-F3077827F37A}.Debug|Any CPU.ActiveCfg = Debug|Any CPU
		{75EE6E46-32CF-4200-AAB9-F3077827F37A}.Debug|Any CPU.Build.0 = Debug|Any CPU
		{75EE6E46-32CF-4200-AAB9-F3077827F37A}.Release|Any CPU.ActiveCfg = Release|Any CPU
		{75EE6E46-32CF-4200-AAB9-F3077827F37A}.Release|Any CPU.Build.0 = Release|Any CPU
		{347950BF-8125-42EE-89AF-967FEDEA63C0}.Debug|Any CPU.ActiveCfg = Debug|Any CPU
		{347950BF-8125-42EE-89AF-967FEDEA63C0}.Debug|Any CPU.Build.0 = Debug|Any CPU
		{347950BF-8125-42EE-89AF-967FEDEA63C0}.Release|Any CPU.ActiveCfg = Release|Any CPU
		{347950BF-8125-42EE-89AF-967FEDEA63C0}.Release|Any CPU.Build.0 = Release|Any CPU
	EndGlobalSection
	GlobalSection(SolutionProperties) = preSolution
		HideSolutionNode = FALSE
	EndGlobalSection
EndGlobal
